version = 1
revision = 3
requires-python = ">=3.12"

[[package]]
name = "mpi4py"
version = "4.1.2"
source = { registry = "https://pypi.org/simple" }
sdist = { url = "https://files.pythonhosted.org/packages/75/83/231445bbcf7ef10864746c244ff2d82000011449b79275642c5d4ed8c8f4/mpi4py-4.1.2.tar.gz", hash = "sha256:56860286dc45f20e8821e93cb06669e30462348bf866f685553fa4b712d58d02", size = 501709, upload-time = "2026-05-16T10:35:23.618Z" }
wheels = [
    { url = "https://files.pythonhosted.org/packages/bf/7e/1524baa98c3b4e3ddc030ec2ad5f6e5a362930317ed3e561d6da1c2e97b1/mpi4py-4.1.2-cp310-abi3-macosx_10_9_x86_64.whl", hash = "sha256:ceb3b6e6f27ba7a39f7721583c04514013b860b829e721769e77398dee97bfa3", size = 1411317, upload-time = "2026-05-16T10:33:56.706Z" },
    { url = "https://files.pythonhosted.org/packages/2f/73/5918e062a65f40e3bd82a2dccf0c8ba22a284d327ccda46d84d2717985cc/mpi4py-4.1.2-cp310-abi3-macosx_11_0_arm64.whl", hash = "sha256:251e8880f4cb98e9c8f63c6f6b2c7e819e22b5e4949d47767a0092eed6f814c2", size = 1304635, upload-time = "2026-05-16T10:33:58.685Z" },
    { url = "https://files.pythonhosted.org/packages/a3/0a/1da7f403e0d8ce0e26d541f7538302cec00cf5b0a98a7a52b929f938a25c/mpi4py-4.1.2-cp310-abi3-manylinux1_x86_64.manylinux_2_5_x86_64.whl", hash = "sha256:2ef63b2e3083e6062fd90e4de8c4e3acbf81e0772406e0226eb8dde6a48cab8e", size = 1327130, upload-time = "2026-05-16T10:34:00.269Z" },
    { url = "https://files.pythonhosted.org/packages/e6/f9/65999152ae82bad914c6a083821ee774afefd6d0544e633b940c9a9ebf3f/mpi4py-4.1.2-cp310-abi3-manylinux2014_aarch64.manylinux_2_17_aarch64.whl", hash = "sha256:6508e654b9c8ff9f611b19548b2a17d1e323b520a15168189f92221e6757b8ff", size = 1182268, upload-time = "2026-05-16T10:34:02.206Z" },
    { url = "https://files.pythonhosted.org/packages/66/8f/90de8d5e0676f86f7866fd4665193252ea17764a54800d9545c7b53ac00a/mpi4py-4.1.2-cp310-abi3-win_amd64.whl", hash = "sha256:eb69f6273ad155f191850a593deebdf52aed6722979ba0693e02db5663e59699", size = 1466751, upload-time = "2026-05-16T10:34:04.278Z" },
    { url = "https://files.pythonhosted.org/packages/3e/73/d3d747f74c5aa7be6faf84aef6b234458baeeb0acb35143c288bc04133c5/mpi4py-4.1.2-cp312-cp312-macosx_10_13_x86_64.whl", hash = "sha256:78983a9606e105af1af907878ec41627360344ea576c75afdaca4124db9d0b13", size = 1621733, upload-time = "2026-05-16T10:34:24.804Z" },
    { url = "https://files.pythonhosted.org/packages/cb/e0/2d029ea1907a477126039a48aadb30113cf3df5bd3c2f27331334b281415/mpi4py-4.1.2-cp312-cp312-macosx_11_0_arm64.whl", hash = "sha256:4e5fdba71cf27d0d3b45e706736d6690060976345f45a6408b3594884bb0cc6e", size = 1393929, upload-time = "2026-05-16T10:34:26.585Z" },
    { url = "https://files.pythonhosted.org/packages/9f/2b/1e48c4c5f9acbdca8dd28beeba9123dde140cd2ca520f8e3a3cf22faeeaa/mpi4py-4.1.2-cp312-cp312-manylinux1_x86_64.manylinux_2_5_x86_64.whl", hash = "sha256:00f4cce8999d19f35243c3442ea22debbe3336f69c309cd5d3176df4e51c717a", size = 1358844, upload-time = "2026-05-16T10:34:28.247Z" },
    { url = "https://files.pythonhosted.org/packages/94/46/a37225d47997fcf30adca25d3849d035bbb61d972118b024db900306e528/mpi4py-4.1.2-cp312-cp312-manylinux2014_aarch64.manylinux_2_17_aarch64.whl", hash = "sha256:0a58e164776acb7b52414548b1bf0e5caafce0ee90345deff147873a64b6b2cc", size = 1227206, upload-time = "2026-05-16T10:34:29.866Z" },
    { url = "https://files.pythonhosted.org/packages/b5/48/14173d8baaf622b76e0e8983f53fffff8538edcf24a020028432e63f20d3/mpi4py-4.1.2-cp312-cp312-win_amd64.whl", hash = "sha256:0a7227a53ba24102f2c4c2c1b226d028fabc473b20ceef5435f1a7ac8cbd508c", size = 1706260, upload-time = "2026-05-16T10:34:31.806Z" },
    { url = "https://files.pythonhosted.org/packages/35/15/324cfa61674b8f73aa3347590df937232d898a993f3348121f9003f43b16/mpi4py-4.1.2-cp313-cp313-macosx_10_13_x86_64.whl", hash = "sha256:632a94e355cf1960eaae2b668d88399f53680207f5a4777e15fdaf7d96c72d09", size = 1660517, upload-time = "2026-05-16T10:34:33.836Z" },
    { url = "https://files.pythonhosted.org/packages/00/ec/b670c9250b59ed255571e679f1e0ae7bd4e08c67f2f7f7f11a928b4becd7/mpi4py-4.1.2-cp313-cp313-macosx_11_0_arm64.whl", hash = "sha256:0aedf3e6c937b48d244e7c6bb72d0b068a1b1adf99ec6001bc9c7e381c581806", size = 1426478, upload-time = "2026-05-16T10:34:35.342Z" },
    { url = "https://files.pythonhosted.org/packages/0d/5e/493415cdb0da0c1c0b6ec9a1fb65ab57a174e8111b25c87f7507f663d0b4/mpi4py-4.1.2-cp313-cp313-manylinux1_x86_64.manylinux_2_5_x86_64.whl", hash = "sha256:085e0cb05427398fe2281856f27a87984b9f234cd6d98a2a384a6fbfe679a56f", size = 1358571, upload-time = "2026-05-16T10:34:37.478Z" },
    { url = "https://files.pythonhosted.org/packages/6f/51/3822e834fc9cafd96811501b85232e02bd9b31596d42965536a269a6c112/mpi4py-4.1.2-cp313-cp313-manylinux2014_aarch64.manylinux_2_17_aarch64.whl", hash = "sha256:429437883b4511583d56a57bc58ad0d02965fb6c19f84f39e30c0646e6c0cab9", size = 1226562, upload-time = "2026-05-16T10:34:39.652Z" },
    { url = "https://files.pythonhosted.org/packages/72/27/919831e5c843890b1a5b475ca1a8d83d8eb3453c1fe66f6bbdaca35ee548/mpi4py-4.1.2-cp313-cp313-win_amd64.whl", hash = "sha256:f984aa35d61fd95c7aa49829f94c3d61bb9ec2272bd8e404ae8d1ea84b620b58", size = 1703612, upload-time = "2026-05-16T10:34:41.133Z" },
    { url = "https://files.pythonhosted.org/packages/ef/ee/3c1128b5c393a8a2abeb9db6cc2aba2d3d604fee20d0fa99c02ba5aab5c6/mpi4py-4.1.2-cp313-cp313t-macosx_10_13_x86_64.whl", hash = "sha256:16ae4d0fac11e60056ec7c46ce101f70f4941634ad8165c54a24304820a816b0", size = 1740466, upload-time = "2026-05-16T10:34:42.566Z" },
    { url = "https://files.pythonhosted.org/packages/17/ed/7a163be7da48ace29ab4c54407e7f2e510953df14dea90e122f9ca7310c7/mpi4py-4.1.2-cp313-cp313t-macosx_11_0_arm64.whl", hash = "sha256:364da611dda94e8a26e418ccfc4c8ff2a1492e74f4c28b24df09521fe888de3b", size = 1518426, upload-time = "2026-05-16T10:34:44.081Z" },
    { url = "https://files.pythonhosted.org/packages/ec/5e/d358fadb8672d58abd6dce16c95eda56f497b378dec5642a31cd6ededfc4/mpi4py-4.1.2-cp313-cp313t-manylinux1_x86_64.manylinux_2_5_x86_64.whl", hash = "sha256:85e332feaac3323d8ed1c71f17478fe3f529468f28f6f9bb4c9133ad2d3a3a6d", size = 1419007, upload-time = "2026-05-16T10:34:45.47Z" },
    { url = "https://files.pythonhosted.org/packages/27/eb/5cd53880337009cab9a9d17a007ad5aec731f3a55e211bdcc99dbb98a0e3/mpi4py-4.1.2-cp313-cp313t-manylinux2014_aarch64.manylinux_2_17_aarch64.whl", hash = "sha256:3e05dba75f6ad17ae761bdc01ee5c5271d15cd296e8a508e22c99c91b540dc99", size = 1298482, upload-time = "2026-05-16T10:34:46.858Z" },
    { url = "https://files.pythonhosted.org/packages/13/d9/eb35b0e8328a02c4d6288bf2bcd156b387f08ff6146a5c8f3f2abd75a078/mpi4py-4.1.2-cp313-cp313t-win_amd64.whl", hash = "sha256:2d0a131a255f61a2d313623f91b496c345abd5976147f866b39383264f275449", size = 1835283, upload-time = "2026-05-16T10:34:48.899Z" },
    { url = "https://files.pythonhosted.org/packages/2e/0d/6ad35d0d50cb519f1c1658d754bfcf553a48611043d91d6b5e7c9d3cdca1/mpi4py-4.1.2-cp314-cp314-macosx_10_13_x86_64.whl", hash = "sha256:0bfd4739cf1189d3d1f44b360e8fab203cbab91d762e581b32764e7dbe7e8c44", size = 1672866, upload-time = "2026-05-16T10:34:50.293Z" },
    { url = "https://files.pythonhosted.org/packages/34/0b/f9bf119248f3269076a44ae4c83a06ae609e6aa11c04db7306aed011e0d9/mpi4py-4.1.2-cp314-cp314-macosx_11_0_arm64.whl", hash = "sha256:a8e9d25dd3b304ac2a57ab8ac4eca87f81411e535dc24ac0cd044f6f8304d9d7", size = 1440551, upload-time = "2026-05-16T10:34:51.777Z" },
    { url = "https://files.pythonhosted.org/packages/26/e4/32575e9b0d5380b08ffa04958c7a13b1bab86e3674f33b6de3827fbbe14c/mpi4py-4.1.2-cp314-cp314-manylinux1_x86_64.manylinux_2_5_x86_64.whl", hash = "sha256:d53e8f7182bf125b37155f679b301a21cd64e5ae6861ca0ab989c9d2b2073bbd", size = 1368388, upload-time = "2026-05-16T10:34:53.665Z" },
    { url = "https://files.pythonhosted.org/packages/87/a8/ad5e925da9de402704ecfe8715348b068fb0b65059109c65dafb111f95e4/mpi4py-4.1.2-cp314-cp314-manylinux2014_aarch64.manylinux_2_17_aarch64.whl", hash = "sha256:7cbf982d3425fd06890fbcff79ba19a7435e93bc74e5711ca8ac0b64d0c3ece9", size = 1238211, upload-time = "2026-05-16T10:34:55.094Z" },
    { url = "https://files.pythonhosted.org/packages/c3/5e/3fbcbe18712fecd509eedb91dcd4947dba0618a4d2add6231b772604590b/mpi4py-4.1.2-cp314-cp314-win_amd64.whl", hash = "sha256:50a1f5c5b210b8175860174fe670e058883df6f50e8998356dca5c73e6177d89", size = 1712936, upload-time = "2026-05-16T10:34:56.745Z" },
    { url = "https://files.pythonhosted.org/packages/14/ea/6f1836e46355f46eca2bd8d2b989fb29d62acff0a6a5dc61d356e0e36e44/mpi4py-4.1.2-cp314-cp314t-macosx_10_13_x86_64.whl", hash = "sha256:5f255ed29f4fc66bd1387956e5fe207cae19e418c7db5559f5d6a77370171389", size = 1753847, upload-time = "2026-05-16T10:34:58.184Z" },
    { url = "https://files.pythonhosted.org/packages/cc/b3/999f743330dec8543a2b0f804c12e28a45afc6e5546aa16ef849a67d91f1/mpi4py-4.1.2-cp314-cp314t-macosx_11_0_arm64.whl", hash = "sha256:d2704dfd19663200677a7c98b971a385d2ed58bb9deee544dbd38fbec1a91ef1", size = 1527795, upload-time = "2026-05-16T10:34:59.965Z" },
    { url = "https://files.pythonhosted.org/packages/39/29/45a41d081342896af52d38a848017728bf6834c4c92814c50aa791dc750b/mpi4py-4.1.2-cp314-cp314t-manylinux1_x86_64.manylinux_2_5_x86_64.whl", hash = "sha256:db189238c37be98933eeb078a3e2b827eef969837e8fe0f3a2e6cdb7f4b1b05f", size = 1423092, upload-time = "2026-05-16T10:35:01.672Z" },
    { url = "https://files.pythonhosted.org/packages/0f/6f/c2127d426d87f2f7cdb4beacbb4febe7b0c93047a3c615d0e56cecb42563/mpi4py-4.1.2-cp314-cp314t-manylinux2014_aarch64.manylinux_2_17_aarch64.whl", hash = "sha256:d0fbf0bc100ed966c3d7f44231a19aef0025d523d1b813de468a1b114d0d9436", size = 1303134, upload-time = "2026-05-16T10:35:03.122Z" },
    { url = "https://files.pythonhosted.org/packages/24/9c/f80cd1f9591be4c5c55a60676306b19847194cf168e0cc9db07f2e181152/mpi4py-4.1.2-cp314-cp314t-win_amd64.whl", hash = "sha256:34d94bd254947d17033aa5a9b6b1872175bad7e73ccef6b0373f2b8054e30f2e", size = 1838114, upload-time = "2026-05-16T10:35:05.306Z" },
]

[[package]]
name = "openmpi"
version = "5.0.11"
source = { registry = "https://pypi.org/simple" }
wheels = [
    { url = "https://files.pythonhosted.org/packages/86/41/5e038cb69e7e5b6d432ad5c850f7a089bc9103d3413f5c391d9b2d1f475a/openmpi-5.0.11-py3-none-macosx_11_0_arm64.whl", hash = "sha256:71df6533e8f7699956f53ff61981ea6053b13afcc6fe56e4995b4b76809b815c", size = 3153977, upload-time = "2026-09-25T19:30:40.176Z" },
    { url = "https://files.pythonhosted.org/packages/03/85/e05e21a673aade72602657765545778db4a6596131cf9811af80fc9c8ddc/openmpi-5.0.11-py3-none-macosx_11_0_x86_64.whl", hash = "sha256:baa5c73e2bcd20a22e8c3ef81c3700abde6e70d262b8b553eb1c5c067fe00a0d", size = 3534247, upload-time = "2026-09-25T19:30:42.305Z" },
    { url = "https://files.pythonhosted.org/packages/e2/86/ef22f0486d7f6e80fe84c4145c7f606ddb7a1b1df55b865af2e8bf473cc7/openmpi-5.0.11-py3-none-manylinux_2_28_aarch64.whl", hash = "sha256:75aa6c3592567fec7ee17db4dc05ae652a010297a69b828b059e20d61a7e0bc6", size = 6083578, upload-time = "2026-09-25T19:30:44.756Z" },
    { url = "https://files.pythonhosted.org/packages/3d/e2/7d19d517017bca8a2e1c921c39974c1e38923878d8a9c603011a36ea39d5/openmpi-5.0.11-py3-none-manylinux_2_28_x86_64.whl", hash = "sha256:838de0ec7fd719af19cde664cd6bf76eb170ed4769c279040c2db434d6db11b9", size = 6580491, upload-time = "2026-09-25T19:30:46.84Z" },
]

[[package]]
name = "test"
version = "0.1.0"
source = { editable = "." }
dependencies = [
    { name = "mpi4py" },
    { name = "openmpi" },
]

[package.metadata]
requires-dist = [
    { name = "mpi4py", specifier = ">=4.1.2" },
    { name = "openmpi", specifier = ">=5.0.11" },
]
